
Microsoft Visual Studio Solution File, Format Version 12.00
# Visual Studio Version 17
VisualStudioVersion = 17.5.33627.172
MinimumVisualStudioVersion = 10.0.40219.1
Project("{FAE04EC0-301F-11D3-BF4B-00C04F79EFBC}") = "WindowsFormsApp1", "WindowsFormsApp1\WindowsFormsApp1.csproj", "{9187D22A-88A6-4D59-BA93-05965FE51855}"
EndProject
Global
	GlobalSection(SolutionConfigurationPlatforms) = preSolution
		Debug|Any CPU = Debug|Any CPU
		Release|Any CPU = Release|Any CPU
	EndGlobalSection
	GlobalSection(ProjectConfigurationPlatforms) = postSolution
		{9187D22A-88A6-4D59-BA93-05965FE51855}.Debug|Any CPU.ActiveCfg = Debug|Any CPU
		{9187D22A-88A6-4D59-BA93-05965FE51855}.Debug|Any CPU.Build.0 = Debug|Any CPU
		{9187D22A-88A6-4D59-BA93-05965FE51855}.Release|Any CPU.ActiveCfg = Release|Any CPU
		{9187D22A-88A6-4D59-BA93-05965FE51855}.Release|Any CPU.Build.0 = Release|Any CPU
	EndGlobalSection
	GlobalSection(SolutionProperties) = preSolution
		HideSolutionNode = FALSE
	EndGlobalSection
	GlobalSection(ExtensibilityGlobals) = postSolution
		SolutionGuid = {547E2220-D4D9-4657-95D1-A278037F2155}
	EndGlobalSection
EndGlobal
